
Microsoft Visual Studio Solution File, Format Version 12.00
# Visual Studio Version 17
VisualStudioVersion = 17.10.35027.167
MinimumVisualStudioVersion = 10.0.40219.1
Project("{9A19103F-16F7-4668-BE54-9A1E7A4F7556}") = "Aspire.Sample.AppHost", "Aspire.Sample.AppHost\Aspire.Sample.AppHost.csproj", "{82734D62-9EA1-4290-A0CD-7BE37B7AF14B}"
EndProject
Project("{9A19103F-16F7-4668-BE54-9A1E7A4F7556}") = "Aspire.Sample.ServiceDefaults", "Aspire.Sample.ServiceDefaults\Aspire.Sample.ServiceDefaults.csproj", "{6BFE1020-4532-42D7-A4C5-D4BDD591C65A}"
EndProject
Project("{9A19103F-16F7-4668-BE54-9A1E7A4F7556}") = "Aspire.Sample.BackEnd", "Aspire.Sample.BackEnd\Aspire.Sample.BackEnd.csproj", "{E40E3172-9DEB-4F77-A66C-9123B847514A}"
EndProject
Project("{9A19103F-16F7-4668-BE54-9A1E7A4F7556}") = "Aspire.Sample.Web", "Aspire.Sample.Web\Aspire.Sample.Web.csproj", "{5F899D07-03A7-4A3D-AACB-83AC191DCAF7}"
EndProject
Project("{9A19103F-16F7-4668-BE54-9A1E7A4F7556}") = "Aspire.Sample.Tests", "Aspire.Sample.Tests\Aspire.Sample.Tests.csproj", "{BF0A2702-9043-4E1E-8F13-7494DF0C8D57}"
EndProject
Project("{9A19103F-16F7-4668-BE54-9A1E7A4F7556}") = "Aspire.Sample.Entities", "Aspire.Sample.Entities\Aspire.Sample.Entities.csproj", "{941EA527-BCEB-4348-AC0C-57EC984EBD6E}"
EndProject
Project("{9A19103F-16F7-4668-BE54-9A1E7A4F7556}") = "Aspire.Sample.Data.Postgres", "Aspire.Sample.Data.Postgres\Aspire.Sample.Data.Postgres.csproj", "{89F39B7F-B56F-4D0F-8DE3-79B2BEA166C8}"
EndProject
Project("{9A19103F-16F7-4668-BE54-9A1E7A4F7556}") = "Aspire.Sample.Data.Postgres.MigrationsMain", "Aspire.Sample.Data.Postgres.MigrationsMain\Aspire.Sample.Data.Postgres.MigrationsMain.csproj", "{E2E76FA2-53A6-4F21-BB5C-BFF1BFC30A20}"
EndProject
Project("{FAE04EC0-301F-11D3-BF4B-00C04F79EFBC}") = "Aspire.Sample.Data.Sqlite", "Aspire.Sample.Data.Sqlite\Aspire.Sample.Data.Sqlite.csproj", "{27E87B2D-CC30-4CDD-9C7F-87D3D9D4468F}"
EndProject
Project("{9A19103F-16F7-4668-BE54-9A1E7A4F7556}") = "Aspire.Sample.MigrationService", "Aspire.Sample.MigrationService\Aspire.Sample.MigrationService.csproj", "{336432DB-55DC-4B65-81DF-032D7B1EE929}"
EndProject
Project("{9A19103F-16F7-4668-BE54-9A1E7A4F7556}") = "Aspire.Sample.Worker", "Aspire.Sample.Worker\Aspire.Sample.Worker.csproj", "{A14BEB2F-4219-4C70-A716-3DB42136C4E7}"
EndProject
Project("{9A19103F-16F7-4668-BE54-9A1E7A4F7556}") = "Aspire.Sample.Application", "Aspire.Sample.Application\Aspire.Sample.Application.csproj", "{6A4C0234-2666-41A3-90A3-6956D1AFEFD4}"
EndProject
Project("{2150E333-8FDC-42A3-9474-1A3956D46DE8}") = "Solution Items", "Solution Items", "{87249B5A-6D0A-4017-8BA9-728B55C3F5D1}"
	ProjectSection(SolutionItems) = preProject
		.editorconfig = .editorconfig
	EndProjectSection
EndProject
Global
	GlobalSection(SolutionConfigurationPlatforms) = preSolution
		Debug|Any CPU = Debug|Any CPU
		Release|Any CPU = Release|Any CPU
	EndGlobalSection
	GlobalSection(ProjectConfigurationPlatforms) = postSolution
		{82734D62-9EA1-4290-A0CD-7BE37B7AF14B}.Debug|Any CPU.ActiveCfg = Debug|Any CPU
		{82734D62-9EA1-4290-A0CD-7BE37B7AF14B}.Debug|Any CPU.Build.0 = Debug|Any CPU
		{82734D62-9EA1-4290-A0CD-7BE37B7AF14B}.Release|Any CPU.ActiveCfg = Release|Any CPU
		{82734D62-9EA1-4290-A0CD-7BE37B7AF14B}.Release|Any CPU.Build.0 = Release|Any CPU
		{6BFE1020-4532-42D7-A4C5-D4BDD591C65A}.Debug|Any CPU.ActiveCfg = Debug|Any CPU
		{6BFE1020-4532-42D7-A4C5-D4BDD591C65A}.Debug|Any CPU.Build.0 = Debug|Any CPU
		{6BFE1020-4532-42D7-A4C5-D4BDD591C65A}.Release|Any CPU.ActiveCfg = Release|Any CPU
		{6BFE1020-4532-42D7-A4C5-D4BDD591C65A}.Release|Any CPU.Build.0 = Release|Any CPU
		{E40E3172-9DEB-4F77-A66C-9123B847514A}.Debug|Any CPU.ActiveCfg = Debug|Any CPU
		{E40E3172-9DEB-4F77-A66C-9123B847514A}.Debug|Any CPU.Build.0 = Debug|Any CPU
		{E40E3172-9DEB-4F77-A66C-9123B847514A}.Release|Any CPU.ActiveCfg = Release|Any CPU
		{E40E3172-9DEB-4F77-A66C-9123B847514A}.Release|Any CPU.Build.0 = Release|Any CPU
		{5F899D07-03A7-4A3D-AACB-83AC191DCAF7}.Debug|Any CPU.ActiveCfg = Debug|Any CPU
		{5F899D07-03A7-4A3D-AACB-83AC191DCAF7}.Debug|Any CPU.Build.0 = Debug|Any CPU
		{5F899D07-03A7-4A3D-AACB-83AC191DCAF7}.Release|Any CPU.ActiveCfg = Release|Any CPU
		{5F899D07-03A7-4A3D-AACB-83AC191DCAF7}.Release|Any CPU.Build.0 = Release|Any CPU
		{BF0A2702-9043-4E1E-8F13-7494DF0C8D57}.Debug|Any CPU.ActiveCfg = Debug|Any CPU
		{BF0A2702-9043-4E1E-8F13-7494DF0C8D57}.Debug|Any CPU.Build.0 = Debug|Any CPU
		{BF0A2702-9043-4E1E-8F13-7494DF0C8D57}.Release|Any CPU.ActiveCfg = Release|Any CPU
		{BF0A2702-9043-4E1E-8F13-7494DF0C8D57}.Release|Any CPU.Build.0 = Release|Any CPU
		{941EA527-BCEB-4348-AC0C-57EC984EBD6E}.Debug|Any CPU.ActiveCfg = Debug|Any CPU
		{941EA527-BCEB-4348-AC0C-57EC984EBD6E}.Debug|Any CPU.Build.0 = Debug|Any CPU
		{941EA527-BCEB-4348-AC0C-57EC984EBD6E}.Release|Any CPU.ActiveCfg = Release|Any CPU
		{941EA527-BCEB-4348-AC0C-57EC984EBD6E}.Release|Any CPU.Build.0 = Release|Any CPU
		{89F39B7F-B56F-4D0F-8DE3-79B2BEA166C8}.Debug|Any CPU.ActiveCfg = Debug|Any CPU
		{89F39B7F-B56F-4D0F-8DE3-79B2BEA166C8}.Debug|Any CPU.Build.0 = Debug|Any CPU
		{89F39B7F-B56F-4D0F-8DE3-79B2BEA166C8}.Release|Any CPU.ActiveCfg = Release|Any CPU
		{89F39B7F-B56F-4D0F-8DE3-79B2BEA166C8}.Release|Any CPU.Build.0 = Release|Any CPU
		{E2E76FA2-53A6-4F21-BB5C-BFF1BFC30A20}.Debug|Any CPU.ActiveCfg = Debug|Any CPU
		{E2E76FA2-53A6-4F21-BB5C-BFF1BFC30A20}.Debug|Any CPU.Build.0 = Debug|Any CPU
		{E2E76FA2-53A6-4F21-BB5C-BFF1BFC30A20}.Release|Any CPU.ActiveCfg = Release|Any CPU
		{E2E76FA2-53A6-4F21-BB5C-BFF1BFC30A20}.Release|Any CPU.Build.0 = Release|Any CPU
		{336432DB-55DC-4B65-81DF-032D7B1EE929}.Debug|Any CPU.ActiveCfg = Debug|Any CPU
		{336432DB-55DC-4B65-81DF-032D7B1EE929}.Debug|Any CPU.Build.0 = Debug|Any CPU
		{336432DB-55DC-4B65-81DF-032D7B1EE929}.Release|Any CPU.ActiveCfg = Release|Any CPU
		{336432DB-55DC-4B65-81DF-032D7B1EE929}.Release|Any CPU.Build.0 = Release|Any CPU
		{A14BEB2F-4219-4C70-A716-3DB42136C4E7}.Debug|Any CPU.ActiveCfg = Debug|Any CPU
		{A14BEB2F-4219-4C70-A716-3DB42136C4E7}.Debug|Any CPU.Build.0 = Debug|Any CPU
		{A14BEB2F-4219-4C70-A716-3DB42136C4E7}.Release|Any CPU.ActiveCfg = Release|Any CPU
		{A14BEB2F-4219-4C70-A716-3DB42136C4E7}.Release|Any CPU.Build.0 = Release|Any CPU
		{6A4C0234-2666-41A3-90A3-6956D1AFEFD4}.Debug|Any CPU.ActiveCfg = Debug|Any CPU
		{6A4C0234-2666-41A3-90A3-6956D1AFEFD4}.Debug|Any CPU.Build.0 = Debug|Any CPU
		{6A4C0234-2666-41A3-90A3-6956D1AFEFD4}.Release|Any CPU.ActiveCfg = Release|Any CPU
		{6A4C0234-2666-41A3-90A3-6956D1AFEFD4}.Release|Any CPU.Build.0 = Release|Any CPU
		{27E87B2D-CC30-4CDD-9C7F-87D3D9D4468F}.Debug|Any CPU.ActiveCfg = Debug|Any CPU
		{27E87B2D-CC30-4CDD-9C7F-87D3D9D4468F}.Debug|Any CPU.Build.0 = Debug|Any CPU
		{27E87B2D-CC30-4CDD-9C7F-87D3D9D4468F}.Release|Any CPU.ActiveCfg = Release|Any CPU
		{27E87B2D-CC30-4CDD-9C7F-87D3D9D4468F}.Release|Any CPU.Build.0 = Release|Any CPU
	EndGlobalSection
	GlobalSection(SolutionProperties) = preSolution
		HideSolutionNode = FALSE
	EndGlobalSection
	GlobalSection(ExtensibilityGlobals) = postSolution
		SolutionGuid = {E4D49C6B-59CF-4B43-A398-7647178F710E}
	EndGlobalSection
EndGlobal
